
Microsoft Visual Studio Solution File, Format Version 12.00
# Visual Studio Version 16
VisualStudioVersion = 16.0.31702.278
MinimumVisualStudioVersion = 10.0.40219.1
Project("{FAE04EC0-301F-11D3-BF4B-00C04F79EFBC}") = "ScanApp.Android", "ScanApp.Android\ScanApp.Android.csproj", "{679B80D3-12A9-4D19-9D8F-C886581F25F0}"
EndProject
Project("{FAE04EC0-301F-11D3-BF4B-00C04F79EFBC}") = "ScanApp", "ScanApp\ScanApp.csproj", "{CE001864-A9A7-4EAC-8AF7-68C755F7A00D}"
EndProject
Global
	GlobalSection(SolutionConfigurationPlatforms) = preSolution
		Debug|Any CPU = Debug|Any CPU
		Release|Any CPU = Release|Any CPU
	EndGlobalSection
	GlobalSection(ProjectConfigurationPlatforms) = postSolution
		{679B80D3-12A9-4D19-9D8F-C886581F25F0}.Debug|Any CPU.ActiveCfg = Debug|Any CPU
		{679B80D3-12A9-4D19-9D8F-C886581F25F0}.Debug|Any CPU.Build.0 = Debug|Any CPU
		{679B80D3-12A9-4D19-9D8F-C886581F25F0}.Debug|Any CPU.Deploy.0 = Debug|Any CPU
		{679B80D3-12A9-4D19-9D8F-C886581F25F0}.Release|Any CPU.ActiveCfg = Release|Any CPU
		{679B80D3-12A9-4D19-9D8F-C886581F25F0}.Release|Any CPU.Build.0 = Release|Any CPU
		{679B80D3-12A9-4D19-9D8F-C886581F25F0}.Release|Any CPU.Deploy.0 = Release|Any CPU
		{CE001864-A9A7-4EAC-8AF7-68C755F7A00D}.Debug|Any CPU.ActiveCfg = Debug|Any CPU
		{CE001864-A9A7-4EAC-8AF7-68C755F7A00D}.Debug|Any CPU.Build.0 = Debug|Any CPU
		{CE001864-A9A7-4EAC-8AF7-68C755F7A00D}.Debug|Any CPU.Deploy.0 = Debug|Any CPU
		{CE001864-A9A7-4EAC-8AF7-68C755F7A00D}.Release|Any CPU.ActiveCfg = Release|Any CPU
		{CE001864-A9A7-4EAC-8AF7-68C755F7A00D}.Release|Any CPU.Build.0 = Release|Any CPU
		{CE001864-A9A7-4EAC-8AF7-68C755F7A00D}.Release|Any CPU.Deploy.0 = Release|Any CPU
	EndGlobalSection
	GlobalSection(SolutionProperties) = preSolution
		HideSolutionNode = FALSE
	EndGlobalSection
	GlobalSection(ExtensibilityGlobals) = postSolution
		SolutionGuid = {08EF8129-B99A-44E4-8EB1-C7C0165305E6}
	EndGlobalSection
EndGlobal
